
Microsoft Visual Studio Solution File, Format Version 12.00
# Visual Studio 2015
Project("{FAE04EC0-301F-11D3-BF4B-00C04F79EFBC}") = "Roll A Ball.CSharp.Plugins", "Roll A Ball.CSharp.Plugins.csproj", "{A77CC77F-96A0-31D8-1D04-290A964DA314}"
EndProject
Project("{FAE04EC0-301F-11D3-BF4B-00C04F79EFBC}") = "Roll A Ball.CSharp", "Roll A Ball.CSharp.csproj", "{EA796B05-CCF5-9384-32FA-6BD52FC38A8B}"
EndProject
Project("{FAE04EC0-301F-11D3-BF4B-00C04F79EFBC}") = "Roll A Ball.CSharp.Editor", "Roll A Ball.CSharp.Editor.csproj", "{F82D9349-14C9-44EB-A65B-5C3B95D79EEF}"
EndProject
Global
	GlobalSection(SolutionConfigurationPlatforms) = preSolution
		Debug|Any CPU = Debug|Any CPU
		Release|Any CPU = Release|Any CPU
	EndGlobalSection
	GlobalSection(ProjectConfigurationPlatforms) = postSolution
		{A77CC77F-96A0-31D8-1D04-290A964DA314}.Debug|Any CPU.ActiveCfg = Debug|Any CPU
		{A77CC77F-96A0-31D8-1D04-290A964DA314}.Debug|Any CPU.Build.0 = Debug|Any CPU
		{A77CC77F-96A0-31D8-1D04-290A964DA314}.Release|Any CPU.ActiveCfg = Release|Any CPU
		{A77CC77F-96A0-31D8-1D04-290A964DA314}.Release|Any CPU.Build.0 = Release|Any CPU
		{EA796B05-CCF5-9384-32FA-6BD52FC38A8B}.Debug|Any CPU.ActiveCfg = Debug|Any CPU
		{EA796B05-CCF5-9384-32FA-6BD52FC38A8B}.Debug|Any CPU.Build.0 = Debug|Any CPU
		{EA796B05-CCF5-9384-32FA-6BD52FC38A8B}.Release|Any CPU.ActiveCfg = Release|Any CPU
		{EA796B05-CCF5-9384-32FA-6BD52FC38A8B}.Release|Any CPU.Build.0 = Release|Any CPU
		{F82D9349-14C9-44EB-A65B-5C3B95D79EEF}.Debug|Any CPU.ActiveCfg = Debug|Any CPU
		{F82D9349-14C9-44EB-A65B-5C3B95D79EEF}.Debug|Any CPU.Build.0 = Debug|Any CPU
		{F82D9349-14C9-44EB-A65B-5C3B95D79EEF}.Release|Any CPU.ActiveCfg = Release|Any CPU
		{F82D9349-14C9-44EB-A65B-5C3B95D79EEF}.Release|Any CPU.Build.0 = Release|Any CPU
	EndGlobalSection
	GlobalSection(SolutionProperties) = preSolution
		HideSolutionNode = FALSE
	EndGlobalSection
EndGlobal
