Microsoft Visual Studio Solution File, Format Version 11.00
# Visual Studio 2008

Project("{FEDBB62B-F395-695B-84F1-7DD5297CDDE0}") = "UFO_Survival", "Assembly-CSharp.csproj", "{E19F8252-5F96-A73F-CFC5-E14E259A555F}"
EndProject
Global
	GlobalSection(SolutionConfigurationPlatforms) = preSolution
		Debug|Any CPU = Debug|Any CPU
		Release|Any CPU = Release|Any CPU
	EndGlobalSection
	GlobalSection(ProjectConfigurationPlatforms) = postSolution
		{E19F8252-5F96-A73F-CFC5-E14E259A555F}.Debug|Any CPU.ActiveCfg = Debug|Any CPU
		{E19F8252-5F96-A73F-CFC5-E14E259A555F}.Debug|Any CPU.Build.0 = Debug|Any CPU
		{E19F8252-5F96-A73F-CFC5-E14E259A555F}.Release|Any CPU.ActiveCfg = Release|Any CPU
		{E19F8252-5F96-A73F-CFC5-E14E259A555F}.Release|Any CPU.Build.0 = Release|Any CPU
	EndGlobalSection
	GlobalSection(SolutionProperties) = preSolution
		HideSolutionNode = FALSE
	EndGlobalSection
	GlobalSection(MonoDevelopProperties) = preSolution
		StartupItem = Assembly-CSharp.csproj
	EndGlobalSection
EndGlobal
